
Microsoft Visual Studio Solution File, Format Version 12.00
# Visual Studio Version 17
VisualStudioVersion = 17.13.35825.156
MinimumVisualStudioVersion = 10.0.40219.1
Project("{FAE04EC0-301F-11D3-BF4B-00C04F79EFBC}") = "Task_1_1", "Task_1_1\Task_1_1.csproj", "{F249A958-761C-4960-A041-2EEB81BE44B1}"
EndProject
Project("{FAE04EC0-301F-11D3-BF4B-00C04F79EFBC}") = "Task_3_1", "Task_3_1\Task_3_1.csproj", "{66289C76-23AA-47F2-ACC1-AF40111BF4EA}"
EndProject
Project("{FAE04EC0-301F-11D3-BF4B-00C04F79EFBC}") = "Task_3_2", "Task_3_2\Task_3_2.csproj", "{FBDB5E4A-EFB1-4380-A650-9A2F11CEF062}"
EndProject
Project("{FAE04EC0-301F-11D3-BF4B-00C04F79EFBC}") = "Task_3_3", "Task_3_3\Task_3_3.csproj", "{38405711-29DC-405B-BBF6-26AD44776BB2}"
EndProject
Project("{FAE04EC0-301F-11D3-BF4B-00C04F79EFBC}") = "Task_3_4", "Task_3_4\Task_3_4.csproj", "{FABC62B7-052E-480D-B5CB-F9AE22BD2CBE}"
EndProject
Project("{FAE04EC0-301F-11D3-BF4B-00C04F79EFBC}") = "Task_3_5", "Task_3_5\Task_3_5.csproj", "{8A7798B3-C957-4275-8EDC-307FFBB1651A}"
EndProject
Project("{FAE04EC0-301F-11D3-BF4B-00C04F79EFBC}") = "Task_3_6", "Task_3_6\Task_3_6.csproj", "{EBFC8084-4B31-487E-93CC-F0AA42D076FF}"
EndProject
Project("{FAE04EC0-301F-11D3-BF4B-00C04F79EFBC}") = "Task_3_7", "Task_3_7\Task_3_7.csproj", "{99BEA36E-8F4A-43F6-96FE-BE1F7BB4D371}"
EndProject
Project("{FAE04EC0-301F-11D3-BF4B-00C04F79EFBC}") = "Task_3_8", "Task_3_8\Task_3_8.csproj", "{55189E7A-73F3-4BF9-91D8-319543F821D5}"
EndProject
Project("{FAE04EC0-301F-11D3-BF4B-00C04F79EFBC}") = "Task_3_9", "Task_3_9\Task_3_9.csproj", "{B312836C-50F9-47DB-A163-F19F0B3615D1}"
EndProject
Project("{FAE04EC0-301F-11D3-BF4B-00C04F79EFBC}") = "Task_3_10", "Task_3_10\Task_3_10.csproj", "{B92FD57D-D1FF-4584-A2B0-D6F631F20A98}"
EndProject
Project("{FAE04EC0-301F-11D3-BF4B-00C04F79EFBC}") = "Task_3_11", "Task_3_11\Task_3_11.csproj", "{30D5E6CE-C323-4F5B-8121-DA7A0AD2C16C}"
EndProject
Project("{FAE04EC0-301F-11D3-BF4B-00C04F79EFBC}") = "Task_3_12", "Task_3_12\Task_3_12.csproj", "{9B176CBA-C23C-4D97-8412-92ABA4D0F35E}"
EndProject
Project("{FAE04EC0-301F-11D3-BF4B-00C04F79EFBC}") = "Task_2_1", "Task_2_1\Task_2_1.csproj", "{1519E024-C2E7-05A0-6BE4-DC31A0456CE4}"
EndProject
Project("{FAE04EC0-301F-11D3-BF4B-00C04F79EFBC}") = "Task_2_2", "Task_2_2\Task_2_2.csproj", "{F628E5AE-4EA0-11AE-9341-FF08A0DC18F5}"
EndProject
Project("{FAE04EC0-301F-11D3-BF4B-00C04F79EFBC}") = "Task_2_3", "Task_2_3\Task_2_3.csproj", "{4A52FACD-3119-3965-78EC-508BE5172869}"
EndProject
Project("{FAE04EC0-301F-11D3-BF4B-00C04F79EFBC}") = "Task_2_4", "Task_2_4\Task_2_4.csproj", "{E2C39183-07A8-5508-1956-268791BA4432}"
EndProject
Project("{FAE04EC0-301F-11D3-BF4B-00C04F79EFBC}") = "Task_2_5", "Task_2_5\Task_2_5.csproj", "{CEA0E3E2-5E39-755A-E621-27C2FE9A3FC4}"
EndProject
Project("{FAE04EC0-301F-11D3-BF4B-00C04F79EFBC}") = "Task_2_6", "Task_2_6\Task_2_6.csproj", "{7E90AD00-5E2F-B53D-F3D9-F041298CB58F}"
EndProject
Project("{FAE04EC0-301F-11D3-BF4B-00C04F79EFBC}") = "Task_2_7", "Task_2_7\Task_2_7.csproj", "{F0FDD1C0-005C-FFA0-2A41-8A389586C91C}"
EndProject
Project("{FAE04EC0-301F-11D3-BF4B-00C04F79EFBC}") = "Task_4_1", "Task_4_1\Task_4_1.csproj", "{1C2411FA-7F9C-4A3A-9564-E7B637A574F4}"
EndProject
Project("{FAE04EC0-301F-11D3-BF4B-00C04F79EFBC}") = "Task_4_2", "Task_4_2\Task_4_2.csproj", "{94B32F29-CD00-44F8-82AE-59B0F7A4C74C}"
EndProject
Project("{FAE04EC0-301F-11D3-BF4B-00C04F79EFBC}") = "Task_4_3", "Task_4_3\Task_4_3.csproj", "{563656DA-CE0A-4350-8120-3F570DF3B14E}"
EndProject
Project("{FAE04EC0-301F-11D3-BF4B-00C04F79EFBC}") = "Task_4_4", "Task_4_4\Task_4_4.csproj", "{B5CD5776-6A12-4D66-92CF-B49540CADB1E}"
EndProject
Project("{FAE04EC0-301F-11D3-BF4B-00C04F79EFBC}") = "Task_4_5", "Task_4_5\Task_4_5.csproj", "{935BD6C4-45A4-4ED6-B547-AB67CB3F6AF4}"
EndProject
Project("{FAE04EC0-301F-11D3-BF4B-00C04F79EFBC}") = "Task_4_6", "Task_4_6\Task_4_6.csproj", "{CF666FBE-5F64-465B-92F1-8CF700AFA5D2}"
EndProject
Project("{FAE04EC0-301F-11D3-BF4B-00C04F79EFBC}") = "Task_4_7", "Task_4_7\Task_4_7.csproj", "{19B433CC-195F-4C4A-AA80-5C95C9BE296B}"
EndProject
Project("{FAE04EC0-301F-11D3-BF4B-00C04F79EFBC}") = "Task_4_8", "Task_4_8\Task_4_8.csproj", "{AE85F06F-4517-40C4-977D-53EC6170E92B}"
EndProject
Project("{FAE04EC0-301F-11D3-BF4B-00C04F79EFBC}") = "Task_7_1", "Task_7_1\Task_7_1.csproj", "{D72995E5-CA5D-49A4-96D2-1FA3CB0AC007}"
EndProject
Project("{FAE04EC0-301F-11D3-BF4B-00C04F79EFBC}") = "Task_7_2", "Task_7_2\Task_7_2.csproj", "{E393260D-F6B4-4C98-B58A-480DC58A6E2B}"
EndProject
Project("{FAE04EC0-301F-11D3-BF4B-00C04F79EFBC}") = "Task_7_3", "Task_7_3\Task_7_3.csproj", "{3225152B-3678-4A33-8745-34963E1F59CF}"
EndProject
Project("{FAE04EC0-301F-11D3-BF4B-00C04F79EFBC}") = "Task_7_4", "Task_7_4\Task_7_4.csproj", "{C4DC3CF7-C0A7-41C0-87B2-F7380D59CC2E}"
EndProject
Project("{FAE04EC0-301F-11D3-BF4B-00C04F79EFBC}") = "Task_7_5", "Task_7_5\Task_7_5.csproj", "{CCD2C037-7EA1-44CC-B156-E8EE12397448}"
EndProject
Global
	GlobalSection(SolutionConfigurationPlatforms) = preSolution
		Debug|Any CPU = Debug|Any CPU
		Release|Any CPU = Release|Any CPU
	EndGlobalSection
	GlobalSection(ProjectConfigurationPlatforms) = postSolution
		{F249A958-761C-4960-A041-2EEB81BE44B1}.Debug|Any CPU.ActiveCfg = Debug|Any CPU
		{F249A958-761C-4960-A041-2EEB81BE44B1}.Debug|Any CPU.Build.0 = Debug|Any CPU
		{F249A958-761C-4960-A041-2EEB81BE44B1}.Release|Any CPU.ActiveCfg = Release|Any CPU
		{F249A958-761C-4960-A041-2EEB81BE44B1}.Release|Any CPU.Build.0 = Release|Any CPU
		{66289C76-23AA-47F2-ACC1-AF40111BF4EA}.Debug|Any CPU.ActiveCfg = Debug|Any CPU
		{66289C76-23AA-47F2-ACC1-AF40111BF4EA}.Debug|Any CPU.Build.0 = Debug|Any CPU
		{66289C76-23AA-47F2-ACC1-AF40111BF4EA}.Release|Any CPU.ActiveCfg = Release|Any CPU
		{66289C76-23AA-47F2-ACC1-AF40111BF4EA}.Release|Any CPU.Build.0 = Release|Any CPU
		{FBDB5E4A-EFB1-4380-A650-9A2F11CEF062}.Debug|Any CPU.ActiveCfg = Debug|Any CPU
		{FBDB5E4A-EFB1-4380-A650-9A2F11CEF062}.Debug|Any CPU.Build.0 = Debug|Any CPU
		{FBDB5E4A-EFB1-4380-A650-9A2F11CEF062}.Release|Any CPU.ActiveCfg = Release|Any CPU
		{FBDB5E4A-EFB1-4380-A650-9A2F11CEF062}.Release|Any CPU.Build.0 = Release|Any CPU
		{38405711-29DC-405B-BBF6-26AD44776BB2}.Debug|Any CPU.ActiveCfg = Debug|Any CPU
		{38405711-29DC-405B-BBF6-26AD44776BB2}.Debug|Any CPU.Build.0 = Debug|Any CPU
		{38405711-29DC-405B-BBF6-26AD44776BB2}.Release|Any CPU.ActiveCfg = Release|Any CPU
		{38405711-29DC-405B-BBF6-26AD44776BB2}.Release|Any CPU.Build.0 = Release|Any CPU
		{FABC62B7-052E-480D-B5CB-F9AE22BD2CBE}.Debug|Any CPU.ActiveCfg = Debug|Any CPU
		{FABC62B7-052E-480D-B5CB-F9AE22BD2CBE}.Debug|Any CPU.Build.0 = Debug|Any CPU
		{FABC62B7-052E-480D-B5CB-F9AE22BD2CBE}.Release|Any CPU.ActiveCfg = Release|Any CPU
		{FABC62B7-052E-480D-B5CB-F9AE22BD2CBE}.Release|Any CPU.Build.0 = Release|Any CPU
		{8A7798B3-C957-4275-8EDC-307FFBB1651A}.Debug|Any CPU.ActiveCfg = Debug|Any CPU
		{8A7798B3-C957-4275-8EDC-307FFBB1651A}.Debug|Any CPU.Build.0 = Debug|Any CPU
		{8A7798B3-C957-4275-8EDC-307FFBB1651A}.Release|Any CPU.ActiveCfg = Release|Any CPU
		{8A7798B3-C957-4275-8EDC-307FFBB1651A}.Release|Any CPU.Build.0 = Release|Any CPU
		{EBFC8084-4B31-487E-93CC-F0AA42D076FF}.Debug|Any CPU.ActiveCfg = Debug|Any CPU
		{EBFC8084-4B31-487E-93CC-F0AA42D076FF}.Debug|Any CPU.Build.0 = Debug|Any CPU
		{EBFC8084-4B31-487E-93CC-F0AA42D076FF}.Release|Any CPU.ActiveCfg = Release|Any CPU
		{EBFC8084-4B31-487E-93CC-F0AA42D076FF}.Release|Any CPU.Build.0 = Release|Any CPU
		{99BEA36E-8F4A-43F6-96FE-BE1F7BB4D371}.Debug|Any CPU.ActiveCfg = Debug|Any CPU
		{99BEA36E-8F4A-43F6-96FE-BE1F7BB4D371}.Debug|Any CPU.Build.0 = Debug|Any CPU
		{99BEA36E-8F4A-43F6-96FE-BE1F7BB4D371}.Release|Any CPU.ActiveCfg = Release|Any CPU
		{99BEA36E-8F4A-43F6-96FE-BE1F7BB4D371}.Release|Any CPU.Build.0 = Release|Any CPU
		{55189E7A-73F3-4BF9-91D8-319543F821D5}.Debug|Any CPU.ActiveCfg = Debug|Any CPU
		{55189E7A-73F3-4BF9-91D8-319543F821D5}.Debug|Any CPU.Build.0 = Debug|Any CPU
		{55189E7A-73F3-4BF9-91D8-319543F821D5}.Release|Any CPU.ActiveCfg = Release|Any CPU
		{55189E7A-73F3-4BF9-91D8-319543F821D5}.Release|Any CPU.Build.0 = Release|Any CPU
		{B312836C-50F9-47DB-A163-F19F0B3615D1}.Debug|Any CPU.ActiveCfg = Debug|Any CPU
		{B312836C-50F9-47DB-A163-F19F0B3615D1}.Debug|Any CPU.Build.0 = Debug|Any CPU
		{B312836C-50F9-47DB-A163-F19F0B3615D1}.Release|Any CPU.ActiveCfg = Release|Any CPU
		{B312836C-50F9-47DB-A163-F19F0B3615D1}.Release|Any CPU.Build.0 = Release|Any CPU
		{B92FD57D-D1FF-4584-A2B0-D6F631F20A98}.Debug|Any CPU.ActiveCfg = Debug|Any CPU
		{B92FD57D-D1FF-4584-A2B0-D6F631F20A98}.Debug|Any CPU.Build.0 = Debug|Any CPU
		{B92FD57D-D1FF-4584-A2B0-D6F631F20A98}.Release|Any CPU.ActiveCfg = Release|Any CPU
		{B92FD57D-D1FF-4584-A2B0-D6F631F20A98}.Release|Any CPU.Build.0 = Release|Any CPU
		{30D5E6CE-C323-4F5B-8121-DA7A0AD2C16C}.Debug|Any CPU.ActiveCfg = Debug|Any CPU
		{30D5E6CE-C323-4F5B-8121-DA7A0AD2C16C}.Debug|Any CPU.Build.0 = Debug|Any CPU
		{30D5E6CE-C323-4F5B-8121-DA7A0AD2C16C}.Release|Any CPU.ActiveCfg = Release|Any CPU
		{30D5E6CE-C323-4F5B-8121-DA7A0AD2C16C}.Release|Any CPU.Build.0 = Release|Any CPU
		{9B176CBA-C23C-4D97-8412-92ABA4D0F35E}.Debug|Any CPU.ActiveCfg = Debug|Any CPU
		{9B176CBA-C23C-4D97-8412-92ABA4D0F35E}.Debug|Any CPU.Build.0 = Debug|Any CPU
		{9B176CBA-C23C-4D97-8412-92ABA4D0F35E}.Release|Any CPU.ActiveCfg = Release|Any CPU
		{9B176CBA-C23C-4D97-8412-92ABA4D0F35E}.Release|Any CPU.Build.0 = Release|Any CPU
		{1519E024-C2E7-05A0-6BE4-DC31A0456CE4}.Debug|Any CPU.ActiveCfg = Debug|Any CPU
		{1519E024-C2E7-05A0-6BE4-DC31A0456CE4}.Debug|Any CPU.Build.0 = Debug|Any CPU
		{1519E024-C2E7-05A0-6BE4-DC31A0456CE4}.Release|Any CPU.ActiveCfg = Release|Any CPU
		{1519E024-C2E7-05A0-6BE4-DC31A0456CE4}.Release|Any CPU.Build.0 = Release|Any CPU
		{F628E5AE-4EA0-11AE-9341-FF08A0DC18F5}.Debug|Any CPU.ActiveCfg = Debug|Any CPU
		{F628E5AE-4EA0-11AE-9341-FF08A0DC18F5}.Debug|Any CPU.Build.0 = Debug|Any CPU
		{F628E5AE-4EA0-11AE-9341-FF08A0DC18F5}.Release|Any CPU.ActiveCfg = Release|Any CPU
		{F628E5AE-4EA0-11AE-9341-FF08A0DC18F5}.Release|Any CPU.Build.0 = Release|Any CPU
		{4A52FACD-3119-3965-78EC-508BE5172869}.Debug|Any CPU.ActiveCfg = Debug|Any CPU
		{4A52FACD-3119-3965-78EC-508BE5172869}.Debug|Any CPU.Build.0 = Debug|Any CPU
		{4A52FACD-3119-3965-78EC-508BE5172869}.Release|Any CPU.ActiveCfg = Release|Any CPU
		{4A52FACD-3119-3965-78EC-508BE5172869}.Release|Any CPU.Build.0 = Release|Any CPU
		{E2C39183-07A8-5508-1956-268791BA4432}.Debug|Any CPU.ActiveCfg = Debug|Any CPU
		{E2C39183-07A8-5508-1956-268791BA4432}.Debug|Any CPU.Build.0 = Debug|Any CPU
		{E2C39183-07A8-5508-1956-268791BA4432}.Release|Any CPU.ActiveCfg = Release|Any CPU
		{E2C39183-07A8-5508-1956-268791BA4432}.Release|Any CPU.Build.0 = Release|Any CPU
		{CEA0E3E2-5E39-755A-E621-27C2FE9A3FC4}.Debug|Any CPU.ActiveCfg = Debug|Any CPU
		{CEA0E3E2-5E39-755A-E621-27C2FE9A3FC4}.Debug|Any CPU.Build.0 = Debug|Any CPU
		{CEA0E3E2-5E39-755A-E621-27C2FE9A3FC4}.Release|Any CPU.ActiveCfg = Release|Any CPU
		{CEA0E3E2-5E39-755A-E621-27C2FE9A3FC4}.Release|Any CPU.Build.0 = Release|Any CPU
		{7E90AD00-5E2F-B53D-F3D9-F041298CB58F}.Debug|Any CPU.ActiveCfg = Debug|Any CPU
		{7E90AD00-5E2F-B53D-F3D9-F041298CB58F}.Debug|Any CPU.Build.0 = Debug|Any CPU
		{7E90AD00-5E2F-B53D-F3D9-F041298CB58F}.Release|Any CPU.ActiveCfg = Release|Any CPU
		{7E90AD00-5E2F-B53D-F3D9-F041298CB58F}.Release|Any CPU.Build.0 = Release|Any CPU
		{F0FDD1C0-005C-FFA0-2A41-8A389586C91C}.Debug|Any CPU.ActiveCfg = Debug|Any CPU
		{F0FDD1C0-005C-FFA0-2A41-8A389586C91C}.Debug|Any CPU.Build.0 = Debug|Any CPU
		{F0FDD1C0-005C-FFA0-2A41-8A389586C91C}.Release|Any CPU.ActiveCfg = Release|Any CPU
		{F0FDD1C0-005C-FFA0-2A41-8A389586C91C}.Release|Any CPU.Build.0 = Release|Any CPU
		{1C2411FA-7F9C-4A3A-9564-E7B637A574F4}.Debug|Any CPU.ActiveCfg = Debug|Any CPU
		{1C2411FA-7F9C-4A3A-9564-E7B637A574F4}.Debug|Any CPU.Build.0 = Debug|Any CPU
		{1C2411FA-7F9C-4A3A-9564-E7B637A574F4}.Release|Any CPU.ActiveCfg = Release|Any CPU
		{1C2411FA-7F9C-4A3A-9564-E7B637A574F4}.Release|Any CPU.Build.0 = Release|Any CPU
		{94B32F29-CD00-44F8-82AE-59B0F7A4C74C}.Debug|Any CPU.ActiveCfg = Debug|Any CPU
		{94B32F29-CD00-44F8-82AE-59B0F7A4C74C}.Debug|Any CPU.Build.0 = Debug|Any CPU
		{94B32F29-CD00-44F8-82AE-59B0F7A4C74C}.Release|Any CPU.ActiveCfg = Release|Any CPU
		{94B32F29-CD00-44F8-82AE-59B0F7A4C74C}.Release|Any CPU.Build.0 = Release|Any CPU
		{563656DA-CE0A-4350-8120-3F570DF3B14E}.Debug|Any CPU.ActiveCfg = Debug|Any CPU
		{563656DA-CE0A-4350-8120-3F570DF3B14E}.Debug|Any CPU.Build.0 = Debug|Any CPU
		{563656DA-CE0A-4350-8120-3F570DF3B14E}.Release|Any CPU.ActiveCfg = Release|Any CPU
		{563656DA-CE0A-4350-8120-3F570DF3B14E}.Release|Any CPU.Build.0 = Release|Any CPU
		{B5CD5776-6A12-4D66-92CF-B49540CADB1E}.Debug|Any CPU.ActiveCfg = Debug|Any CPU
		{B5CD5776-6A12-4D66-92CF-B49540CADB1E}.Debug|Any CPU.Build.0 = Debug|Any CPU
		{B5CD5776-6A12-4D66-92CF-B49540CADB1E}.Release|Any CPU.ActiveCfg = Release|Any CPU
		{B5CD5776-6A12-4D66-92CF-B49540CADB1E}.Release|Any CPU.Build.0 = Release|Any CPU
		{935BD6C4-45A4-4ED6-B547-AB67CB3F6AF4}.Debug|Any CPU.ActiveCfg = Debug|Any CPU
		{935BD6C4-45A4-4ED6-B547-AB67CB3F6AF4}.Debug|Any CPU.Build.0 = Debug|Any CPU
		{935BD6C4-45A4-4ED6-B547-AB67CB3F6AF4}.Release|Any CPU.ActiveCfg = Release|Any CPU
		{935BD6C4-45A4-4ED6-B547-AB67CB3F6AF4}.Release|Any CPU.Build.0 = Release|Any CPU
		{CF666FBE-5F64-465B-92F1-8CF700AFA5D2}.Debug|Any CPU.ActiveCfg = Debug|Any CPU
		{CF666FBE-5F64-465B-92F1-8CF700AFA5D2}.Debug|Any CPU.Build.0 = Debug|Any CPU
		{CF666FBE-5F64-465B-92F1-8CF700AFA5D2}.Release|Any CPU.ActiveCfg = Release|Any CPU
		{CF666FBE-5F64-465B-92F1-8CF700AFA5D2}.Release|Any CPU.Build.0 = Release|Any CPU
		{19B433CC-195F-4C4A-AA80-5C95C9BE296B}.Debug|Any CPU.ActiveCfg = Debug|Any CPU
		{19B433CC-195F-4C4A-AA80-5C95C9BE296B}.Debug|Any CPU.Build.0 = Debug|Any CPU
		{19B433CC-195F-4C4A-AA80-5C95C9BE296B}.Release|Any CPU.ActiveCfg = Release|Any CPU
		{19B433CC-195F-4C4A-AA80-5C95C9BE296B}.Release|Any CPU.Build.0 = Release|Any CPU
		{AE85F06F-4517-40C4-977D-53EC6170E92B}.Debug|Any CPU.ActiveCfg = Debug|Any CPU
		{AE85F06F-4517-40C4-977D-53EC6170E92B}.Debug|Any CPU.Build.0 = Debug|Any CPU
		{AE85F06F-4517-40C4-977D-53EC6170E92B}.Release|Any CPU.ActiveCfg = Release|Any CPU
		{AE85F06F-4517-40C4-977D-53EC6170E92B}.Release|Any CPU.Build.0 = Release|Any CPU
		{D72995E5-CA5D-49A4-96D2-1FA3CB0AC007}.Debug|Any CPU.ActiveCfg = Debug|Any CPU
		{D72995E5-CA5D-49A4-96D2-1FA3CB0AC007}.Debug|Any CPU.Build.0 = Debug|Any CPU
		{D72995E5-CA5D-49A4-96D2-1FA3CB0AC007}.Release|Any CPU.ActiveCfg = Release|Any CPU
		{D72995E5-CA5D-49A4-96D2-1FA3CB0AC007}.Release|Any CPU.Build.0 = Release|Any CPU
		{E393260D-F6B4-4C98-B58A-480DC58A6E2B}.Debug|Any CPU.ActiveCfg = Debug|Any CPU
		{E393260D-F6B4-4C98-B58A-480DC58A6E2B}.Debug|Any CPU.Build.0 = Debug|Any CPU
		{E393260D-F6B4-4C98-B58A-480DC58A6E2B}.Release|Any CPU.ActiveCfg = Release|Any CPU
		{E393260D-F6B4-4C98-B58A-480DC58A6E2B}.Release|Any CPU.Build.0 = Release|Any CPU
		{3225152B-3678-4A33-8745-34963E1F59CF}.Debug|Any CPU.ActiveCfg = Debug|Any CPU
		{3225152B-3678-4A33-8745-34963E1F59CF}.Debug|Any CPU.Build.0 = Debug|Any CPU
		{3225152B-3678-4A33-8745-34963E1F59CF}.Release|Any CPU.ActiveCfg = Release|Any CPU
		{3225152B-3678-4A33-8745-34963E1F59CF}.Release|Any CPU.Build.0 = Release|Any CPU
		{C4DC3CF7-C0A7-41C0-87B2-F7380D59CC2E}.Debug|Any CPU.ActiveCfg = Debug|Any CPU
		{C4DC3CF7-C0A7-41C0-87B2-F7380D59CC2E}.Debug|Any CPU.Build.0 = Debug|Any CPU
		{C4DC3CF7-C0A7-41C0-87B2-F7380D59CC2E}.Release|Any CPU.ActiveCfg = Release|Any CPU
		{C4DC3CF7-C0A7-41C0-87B2-F7380D59CC2E}.Release|Any CPU.Build.0 = Release|Any CPU
		{CCD2C037-7EA1-44CC-B156-E8EE12397448}.Debug|Any CPU.ActiveCfg = Debug|Any CPU
		{CCD2C037-7EA1-44CC-B156-E8EE12397448}.Debug|Any CPU.Build.0 = Debug|Any CPU
		{CCD2C037-7EA1-44CC-B156-E8EE12397448}.Release|Any CPU.ActiveCfg = Release|Any CPU
		{CCD2C037-7EA1-44CC-B156-E8EE12397448}.Release|Any CPU.Build.0 = Release|Any CPU
	EndGlobalSection
	GlobalSection(SolutionProperties) = preSolution
		HideSolutionNode = FALSE
	EndGlobalSection
	GlobalSection(ExtensibilityGlobals) = postSolution
		SolutionGuid = {4E51786A-1EC8-46CE-9A9E-E6FB90E2C4FA}
	EndGlobalSection
EndGlobal
