
Microsoft Visual Studio Solution File, Format Version 12.00
# Visual Studio Version 17
VisualStudioVersion = 17.13.35825.156
MinimumVisualStudioVersion = 10.0.40219.1
Project("{FAE04EC0-301F-11D3-BF4B-00C04F79EFBC}") = "Task_1_1", "Task_1_1\Task_1_1.csproj", "{F249A958-761C-4960-A041-2EEB81BE44B1}"
EndProject
Project("{FAE04EC0-301F-11D3-BF4B-00C04F79EFBC}") = "Task_2_1", "Task_2_1\Task_2_1.csproj", "{EFB485F6-C780-4409-8540-921654FD8A46}"
EndProject
Project("{FAE04EC0-301F-11D3-BF4B-00C04F79EFBC}") = "Task_2_2", "Task_2_2\Task_2_2.csproj", "{70C8BE79-6EA7-4959-AAD6-E3F3B42B779B}"
EndProject
Project("{FAE04EC0-301F-11D3-BF4B-00C04F79EFBC}") = "Task_2_3", "Task_2_3\Task_2_3.csproj", "{0745949F-EBFC-4B13-B9E3-ACAA98137533}"
EndProject
Project("{FAE04EC0-301F-11D3-BF4B-00C04F79EFBC}") = "Task_2_4", "Task_2_4\Task_2_4.csproj", "{CAAD4E9B-6287-4BAD-950A-DED993DDFFAC}"
EndProject
Project("{FAE04EC0-301F-11D3-BF4B-00C04F79EFBC}") = "Task_2_5", "Task_2_5\Task_2_5.csproj", "{D5931590-935A-445F-BE7E-7C2225F67722}"
EndProject
Project("{FAE04EC0-301F-11D3-BF4B-00C04F79EFBC}") = "Task_2_6", "Task_2_6\Task_2_6.csproj", "{E593CAF6-5A1C-4184-9ACF-45A8FD19ADFB}"
EndProject
Project("{FAE04EC0-301F-11D3-BF4B-00C04F79EFBC}") = "Task_2_7", "Task_2_7\Task_2_7.csproj", "{0BBAB354-CDAD-44D1-AA4B-86D47B2816FC}"
EndProject
Global
	GlobalSection(SolutionConfigurationPlatforms) = preSolution
		Debug|Any CPU = Debug|Any CPU
		Release|Any CPU = Release|Any CPU
	EndGlobalSection
	GlobalSection(ProjectConfigurationPlatforms) = postSolution
		{F249A958-761C-4960-A041-2EEB81BE44B1}.Debug|Any CPU.ActiveCfg = Debug|Any CPU
		{F249A958-761C-4960-A041-2EEB81BE44B1}.Debug|Any CPU.Build.0 = Debug|Any CPU
		{F249A958-761C-4960-A041-2EEB81BE44B1}.Release|Any CPU.ActiveCfg = Release|Any CPU
		{F249A958-761C-4960-A041-2EEB81BE44B1}.Release|Any CPU.Build.0 = Release|Any CPU
		{EFB485F6-C780-4409-8540-921654FD8A46}.Debug|Any CPU.ActiveCfg = Debug|Any CPU
		{EFB485F6-C780-4409-8540-921654FD8A46}.Debug|Any CPU.Build.0 = Debug|Any CPU
		{EFB485F6-C780-4409-8540-921654FD8A46}.Release|Any CPU.ActiveCfg = Release|Any CPU
		{EFB485F6-C780-4409-8540-921654FD8A46}.Release|Any CPU.Build.0 = Release|Any CPU
		{70C8BE79-6EA7-4959-AAD6-E3F3B42B779B}.Debug|Any CPU.ActiveCfg = Debug|Any CPU
		{70C8BE79-6EA7-4959-AAD6-E3F3B42B779B}.Debug|Any CPU.Build.0 = Debug|Any CPU
		{70C8BE79-6EA7-4959-AAD6-E3F3B42B779B}.Release|Any CPU.ActiveCfg = Release|Any CPU
		{70C8BE79-6EA7-4959-AAD6-E3F3B42B779B}.Release|Any CPU.Build.0 = Release|Any CPU
		{0745949F-EBFC-4B13-B9E3-ACAA98137533}.Debug|Any CPU.ActiveCfg = Debug|Any CPU
		{0745949F-EBFC-4B13-B9E3-ACAA98137533}.Debug|Any CPU.Build.0 = Debug|Any CPU
		{0745949F-EBFC-4B13-B9E3-ACAA98137533}.Release|Any CPU.ActiveCfg = Release|Any CPU
		{0745949F-EBFC-4B13-B9E3-ACAA98137533}.Release|Any CPU.Build.0 = Release|Any CPU
		{CAAD4E9B-6287-4BAD-950A-DED993DDFFAC}.Debug|Any CPU.ActiveCfg = Debug|Any CPU
		{CAAD4E9B-6287-4BAD-950A-DED993DDFFAC}.Debug|Any CPU.Build.0 = Debug|Any CPU
		{CAAD4E9B-6287-4BAD-950A-DED993DDFFAC}.Release|Any CPU.ActiveCfg = Release|Any CPU
		{CAAD4E9B-6287-4BAD-950A-DED993DDFFAC}.Release|Any CPU.Build.0 = Release|Any CPU
		{D5931590-935A-445F-BE7E-7C2225F67722}.Debug|Any CPU.ActiveCfg = Debug|Any CPU
		{D5931590-935A-445F-BE7E-7C2225F67722}.Debug|Any CPU.Build.0 = Debug|Any CPU
		{D5931590-935A-445F-BE7E-7C2225F67722}.Release|Any CPU.ActiveCfg = Release|Any CPU
		{D5931590-935A-445F-BE7E-7C2225F67722}.Release|Any CPU.Build.0 = Release|Any CPU
		{E593CAF6-5A1C-4184-9ACF-45A8FD19ADFB}.Debug|Any CPU.ActiveCfg = Debug|Any CPU
		{E593CAF6-5A1C-4184-9ACF-45A8FD19ADFB}.Debug|Any CPU.Build.0 = Debug|Any CPU
		{E593CAF6-5A1C-4184-9ACF-45A8FD19ADFB}.Release|Any CPU.ActiveCfg = Release|Any CPU
		{E593CAF6-5A1C-4184-9ACF-45A8FD19ADFB}.Release|Any CPU.Build.0 = Release|Any CPU
		{0BBAB354-CDAD-44D1-AA4B-86D47B2816FC}.Debug|Any CPU.ActiveCfg = Debug|Any CPU
		{0BBAB354-CDAD-44D1-AA4B-86D47B2816FC}.Debug|Any CPU.Build.0 = Debug|Any CPU
		{0BBAB354-CDAD-44D1-AA4B-86D47B2816FC}.Release|Any CPU.ActiveCfg = Release|Any CPU
		{0BBAB354-CDAD-44D1-AA4B-86D47B2816FC}.Release|Any CPU.Build.0 = Release|Any CPU
	EndGlobalSection
	GlobalSection(SolutionProperties) = preSolution
		HideSolutionNode = FALSE
	EndGlobalSection
	GlobalSection(ExtensibilityGlobals) = postSolution
		SolutionGuid = {4E51786A-1EC8-46CE-9A9E-E6FB90E2C4FA}
	EndGlobalSection
EndGlobal
